{
  "requires": true,
  "lockfileVersion": 1,
  "dependencies": {
    "@types/aws4": {
      "version": "1.11.6",
      "resolved": "https://registry.npmjs.org/@types/aws4/-/aws4-1.11.6.tgz",
      "integrity": "sha512-5CnVUkHNyLGpD9AnOcK66YyP0qvIh6nhJJoeK8zSl5YKikUcUbdB7SlHevUYVqicgeh6j5AJa1qa/h08dSZHoA==",
      "dev": true,
      "requires": {
        "@types/node": "*"
      }
    },
    "@types/bcrypt": {
      "version": "5.0.2",
      "resolved": "https://registry.npmjs.org/@types/bcrypt/-/bcrypt-5.0.2.tgz",
      "integrity": "sha512-6atioO8Y75fNcbmj0G7UjI9lXN2pQ/IGJ2FWT4a/btd0Lk9lQalHLKhkgKVZ3r+spnmWUKfbMi1GEe9wyHQfNQ==",
      "dev": true,
      "requires": {
        "@types/node": "*"
      }
    },
    "@types/body-parser": {
      "version": "1.19.5",
      "resolved": "https://registry.npmjs.org/@types/body-parser/-/body-parser-1.19.5.tgz",
      "integrity": "sha512-fB3Zu92ucau0iQ0JMCFQE7b/dv8Ot07NI3KaZIkIUNXq82k4eBAqUaneXfleGY9JWskeS9y+u0nXMyspcuQrCg==",
      "dev": true,
      "requires": {
        "@types/connect": "*",
        "@types/node": "*"
      }
    },
    "@types/busboy": {
      "version": "1.5.3",
      "resolved": "https://registry.npmjs.org/@types/busboy/-/busboy-1.5.3.tgz",
      "integrity": "sha512-YMBLFN/xBD8bnqywIlGyYqsNFXu6bsiY7h3Ae0kO17qEuTjsqeyYMRPSUDacIKIquws2Y6KjmxAyNx8xB3xQbw==",
      "dev": true,
      "requires": {
        "@types/node": "*"
      }
    },
    "@types/caseless": {
      "version": "0.12.5",
      "resolved": "https://registry.npmjs.org/@types/caseless/-/caseless-0.12.5.tgz",
      "integrity": "sha512-hWtVTC2q7hc7xZ/RLbxapMvDMgUnDvKvMOpKal4DrMyfGBUfB1oKaZlIRr6mJL+If3bAP6sV/QneGzF6tJjZDg==",
      "dev": true
    },
    "@types/cheerio": {
      "version": "0.22.35",
      "resolved": "https://registry.npmjs.org/@types/cheerio/-/cheerio-0.22.35.tgz",
      "integrity": "sha512-yD57BchKRvTV+JD53UZ6PD8KWY5g5rvvMLRnZR3EQBCZXiDT/HR+pKpMzFGlWNhFrXlo7VPZXtKvIEwZkAWOIA==",
      "dev": true,
      "requires": {
        "@types/node": "*"
      }
    },
    "@types/concat-stream": {
      "version": "2.0.3",
      "resolved": "https://registry.npmjs.org/@types/concat-stream/-/concat-stream-2.0.3.tgz",
      "integrity": "sha512-3qe4oQAPNwVNwK4C9c8u+VJqv9kez+2MR4qJpoPFfXtgxxif1QbFusvXzK0/Wra2VX07smostI2VMmJNSpZjuQ==",
      "dev": true,
      "requires": {
        "@types/node": "*"
      }
    },
    "@types/connect": {
      "version": "3.4.38",
      "resolved": "https://registry.npmjs.org/@types/connect/-/connect-3.4.38.tgz",
      "integrity": "sha512-K6uROf1LD88uDQqJCktA4yzL1YYAK6NgfsI0v/mTgyPKWsX1CnJ0XPSDhViejru1GcRkLWb8RlzFYJRqGUbaug==",
      "dev": true,
      "requires": {
        "@types/node": "*"
      }
    },
    "@types/connect-flash": {
      "version": "0.0.40",
      "resolved": "https://registry.npmjs.org/@types/connect-flash/-/connect-flash-0.0.40.tgz",
      "integrity": "sha512-vqGDzZ85Kyu/tKdDwXP6JCz4i2Xp3o4bYHSCXbF7XiL1HohogtGXG5pgbgypVbdO3DYqCOHIiZhp2Gh5fP2dDw==",
      "dev": true,
      "requires": {
        "@types/express": "*"
      }
    },
    "@types/cookie": {
      "version": "0.6.0",
      "resolved": "https://registry.npmjs.org/@types/cookie/-/cookie-0.6.0.tgz",
      "integrity": "sha512-4Kh9a6B2bQciAhf7FSuMRRkUWecJgJu9nPnx3yzpsfXX/c50REIqpHY4C82bXP90qrLtXtkDxTZosYO3UpOwlA==",
      "dev": true
    },
    "@types/cookie-signature": {
      "version": "1.1.2",
      "resolved": "https://registry.npmjs.org/@types/cookie-signature/-/cookie-signature-1.1.2.tgz",
      "integrity": "sha512-2OhrZV2LVnUAXklUFwuYUTokalh/dUb8rqt70OW6ByMSxYpauPZ+kfNLknX3aJyjY5iu8i3cUyoLZP9Fn37tTg==",
      "dev": true,
      "requires": {
        "@types/node": "*"
      }
    },
    "@types/debug": {
      "version": "4.1.12",
      "resolved": "https://registry.npmjs.org/@types/debug/-/debug-4.1.12.tgz",
      "integrity": "sha512-vIChWdVG3LG1SMxEvI/AK+FWJthlrqlTu7fbrlywTkkaONwk/UAGaULXRlf8vkzFBLVm0zkMdCquhL5aOjhXPQ==",
      "dev": true,
      "requires": {
        "@types/ms": "*"
      }
    },
    "@types/depd": {
      "version": "1.1.36",
      "resolved": "https://registry.npmjs.org/@types/depd/-/depd-1.1.36.tgz",
      "integrity": "sha512-+apvfj5Bn6ORfud9XrgoIu6H6s2pTN+X8rQ2LgkA3YUXY+PiXkCJjizh8qxv8CrLtXlxw3NCmYrNbbeckVOQrA==",
      "dev": true,
      "requires": {
        "@types/node": "*"
      }
    },
    "@types/ejs": {
      "version": "3.1.5",
      "resolved": "https://registry.npmjs.org/@types/ejs/-/ejs-3.1.5.tgz",
      "integrity": "sha512-nv+GSx77ZtXiJzwKdsASqi+YQ5Z7vwHsTP0JY2SiQgjGckkBRKZnk8nIM+7oUZ1VCtuTz0+By4qVR7fqzp/Dfg==",
      "dev": true
    },
    "@types/express": {
      "version": "4.17.21",
      "resolved": "https://registry.npmjs.org/@types/express/-/express-4.17.21.tgz",
      "integrity": "sha512-ejlPM315qwLpaQlQDTjPdsUFSc6ZsP4AN6AlWnogPjQ7CVi7PYF3YVz+CY3jE2pwYf7E/7HlDAN0rV2GxTG0HQ==",
      "dev": true,
      "requires": {
        "@types/body-parser": "*",
        "@types/express-serve-static-core": "^4.17.33",
        "@types/qs": "*",
        "@types/serve-static": "*"
      }
    },
    "@types/express-flash": {
      "version": "0.0.5",
      "resolved": "https://registry.npmjs.org/@types/express-flash/-/express-flash-0.0.5.tgz",
      "integrity": "sha512-lz8xxkEev6JHEyHeDNb45tUkhUnPERim9td+Ov7kBDCq6+dFHlu+BvTKYz7DcLh02a3ZK+tg2mze4tZ8DgJyLw==",
      "dev": true,
      "requires": {
        "@types/express": "*"
      }
    },
    "@types/express-serve-static-core": {
      "version": "4.19.0",
      "resolved": "https://registry.npmjs.org/@types/express-serve-static-core/-/express-serve-static-core-4.19.0.tgz",
      "integrity": "sha512-bGyep3JqPCRry1wq+O5n7oiBgGWmeIJXPjXXCo8EK0u8duZGSYar7cGqd3ML2JUsLGeB7fmc06KYo9fLGWqPvQ==",
      "dev": true,
      "requires": {
        "@types/node": "*",
        "@types/qs": "*",
        "@types/range-parser": "*",
        "@types/send": "*"
      }
    },
    "@types/express-session": {
      "version": "1.18.0",
      "resolved": "https://registry.npmjs.org/@types/express-session/-/express-session-1.18.0.tgz",
      "integrity": "sha512-27JdDRgor6PoYlURY+Y5kCakqp5ulC0kmf7y+QwaY+hv9jEFuQOThgkjyA53RP3jmKuBsH5GR6qEfFmvb8mwOA==",
      "dev": true,
      "requires": {
        "@types/express": "*"
      }
    },
    "@types/extend": {
      "version": "3.0.4",
      "resolved": "https://registry.npmjs.org/@types/extend/-/extend-3.0.4.tgz",
      "integrity": "sha512-ArMouDUTJEz1SQRpFsT2rIw7DeqICFv5aaVzLSIYMYQSLcwcGOfT3VyglQs/p7K3F7fT4zxr0NWxYZIdifD6dA==",
      "dev": true
    },
    "@types/forever-agent": {
      "version": "0.6.4",
      "resolved": "https://registry.npmjs.org/@types/forever-agent/-/forever-agent-0.6.4.tgz",
      "integrity": "sha512-87fIzkJlHtyrDcxndPF9OziZM7PnK4pw2Lp7WXYULMhWLbXuefMw+NXp6baaXHO30V0bLTzEH+Q/ZZosl2ciBA==",
      "dev": true,
      "requires": {
        "@types/node": "*"
      }
    },
    "@types/fs-extra": {
      "version": "11.0.4",
      "resolved": "https://registry.npmjs.org/@types/fs-extra/-/fs-extra-11.0.4.tgz",
      "integrity": "sha512-yTbItCNreRooED33qjunPthRcSjERP1r4MqCZc7wv0u2sUkzTFp45tgUfS5+r7FrZPdmCCNflLhVSP/o+SemsQ==",
      "dev": true,
      "requires": {
        "@types/jsonfile": "*",
        "@types/node": "*"
      }
    },
    "@types/gifencoder": {
      "version": "2.0.3",
      "resolved": "https://registry.npmjs.org/@types/gifencoder/-/gifencoder-2.0.3.tgz",
      "integrity": "sha512-P+d6p8WSkpIKChkGD65FjTu7A+pe8m7L+74tbuht6UUxFH9JLNE9N1EqNMKfkYpQ6Ih/jvbCA715BIXNCaUraQ==",
      "dev": true,
      "requires": {
        "@types/node": "*"
      }
    },
    "@types/graceful-fs": {
      "version": "4.1.9",
      "resolved": "https://registry.npmjs.org/@types/graceful-fs/-/graceful-fs-4.1.9.tgz",
      "integrity": "sha512-olP3sd1qOEe5dXTSaFvQG+02VdRXcdytWLAZsAq1PecU8uqQAhkrnbli7DagjtXKW/Bl7YJbUsa8MPcuc8LHEQ==",
      "dev": true,
      "requires": {
        "@types/node": "*"
      }
    },
    "@types/html": {
      "version": "1.0.4",
      "resolved": "https://registry.npmjs.org/@types/html/-/html-1.0.4.tgz",
      "integrity": "sha512-Wb1ymSAftCLxhc3D6vS0Ike/0xg7W6c+DQxAkerU6pD7C8CMzTYwvrwnlcrTfsVO/nMelB9KOKIT7+N5lOeQUg==",
      "dev": true
    },
    "@types/http-errors": {
      "version": "2.0.4",
      "resolved": "https://registry.npmjs.org/@types/http-errors/-/http-errors-2.0.4.tgz",
      "integrity": "sha512-D0CFMMtydbJAegzOyHjtiKPLlvnm3iTZyZRSZoLq2mRhDdmLfIWOCYPfQJ4cu2erKghU++QvjcUjp/5h7hESpA==",
      "dev": true
    },
    "@types/http-signature": {
      "version": "1.3.3",
      "resolved": "https://registry.npmjs.org/@types/http-signature/-/http-signature-1.3.3.tgz",
      "integrity": "sha512-tCZkAzWDNXAN6dTkBIupjvWTrgc+oMzxT0+ZuYWLTsxapcsZCtCVVr8M20NNcrBY2He5DGpaPehFeFQhdlLYqg==",
      "dev": true,
      "requires": {
        "@types/node": "*"
      }
    },
    "@types/inherits": {
      "version": "0.0.33",
      "resolved": "https://registry.npmjs.org/@types/inherits/-/inherits-0.0.33.tgz",
      "integrity": "sha512-ICS/+dYTkt3D7GPBAKqAAFXpeoWOZ6CVhiOlcweN4t3gZd8joVIy43KWsKGPL+d2Rvxunhz80Z7zlZhmR/q+GQ==",
      "dev": true,
      "requires": {
        "@types/node": "*"
      }
    },
    "@types/is-typedarray": {
      "version": "1.0.2",
      "resolved": "https://registry.npmjs.org/@types/is-typedarray/-/is-typedarray-1.0.2.tgz",
      "integrity": "sha512-kWcgv61Q/5brwataqKzwZOuxNLBKaHSpSnDYL6WUI0t7vhy1unEPIxn44OLvJ15c1aXDP6CApAu3R5zo4kdxYg==",
      "dev": true,
      "requires": {
        "@types/node": "*"
      }
    },
    "@types/isstream": {
      "version": "0.1.2",
      "resolved": "https://registry.npmjs.org/@types/isstream/-/isstream-0.1.2.tgz",
      "integrity": "sha512-EE11Sn7gzHEF9FGkYHTkFpPuDEamLudLvaGnBciNgH55fTYboWZHINR6MP8+CfCOjPJX08l4teRrjCY11gz1CA==",
      "dev": true
    },
    "@types/json-stringify-safe": {
      "version": "5.0.3",
      "resolved": "https://registry.npmjs.org/@types/json-stringify-safe/-/json-stringify-safe-5.0.3.tgz",
      "integrity": "sha512-oNOjRxLfPeYbBSQ60maucaFNqbslVOPU4WWs5t/sHvAh6tyo/CThXSG+E24tEzkgh/fzvxyDrYdOJufgeNy1sQ==",
      "dev": true
    },
    "@types/jsonfile": {
      "version": "6.1.4",
      "resolved": "https://registry.npmjs.org/@types/jsonfile/-/jsonfile-6.1.4.tgz",
      "integrity": "sha512-D5qGUYwjvnNNextdU59/+fI+spnwtTFmyQP0h+PfIOSkNfpU6AOICUOkm4i0OnSk+NyjdPJrxCDro0sJsWlRpQ==",
      "dev": true,
      "requires": {
        "@types/node": "*"
      }
    },
    "@types/merge-descriptors": {
      "version": "1.0.3",
      "resolved": "https://registry.npmjs.org/@types/merge-descriptors/-/merge-descriptors-1.0.3.tgz",
      "integrity": "sha512-ZhU/HNM9R75TO8PBn0+zDi7tbYEygeraTjDHAkGpgFFKKEj/Al4RysG+oWyrRusPRDUvctaK+SYrw1m2SdLNNQ==",
      "dev": true
    },
    "@types/method-override": {
      "version": "0.0.35",
      "resolved": "https://registry.npmjs.org/@types/method-override/-/method-override-0.0.35.tgz",
      "integrity": "sha512-HdhM5xiIV8fwsZ3B8e9IKWJOqEgmXXBJ/qQzhs5Z8idjsszqEX4j/7/QAcso27ArZ1tSBXg2XMlI1cIHAsCTXA==",
      "dev": true,
      "requires": {
        "@types/express": "*"
      }
    },
    "@types/methods": {
      "version": "1.1.4",
      "resolved": "https://registry.npmjs.org/@types/methods/-/methods-1.1.4.tgz",
      "integrity": "sha512-ymXWVrDiCxTBE3+RIrrP533E70eA+9qu7zdWoHuOmGujkYtzf4HQF96b8nwHLqhuf4ykX61IGRIB38CC6/sImQ==",
      "dev": true
    },
    "@types/mime": {
      "version": "1.3.5",
      "resolved": "https://registry.npmjs.org/@types/mime/-/mime-1.3.5.tgz",
      "integrity": "sha512-/pyBZWSLD2n0dcHE3hq8s8ZvcETHtEuF+3E7XVt0Ig2nvsVQXdghHVcEkIWjy9A0wKfTn97a/PSDYohKIlnP/w==",
      "dev": true
    },
    "@types/mime-types": {
      "version": "2.1.4",
      "resolved": "https://registry.npmjs.org/@types/mime-types/-/mime-types-2.1.4.tgz",
      "integrity": "sha512-lfU4b34HOri+kAY5UheuFMWPDOI+OPceBSHZKp69gEyTL/mmJ4cnU6Y/rlme3UL3GyOn6Y42hyIEw0/q8sWx5w==",
      "dev": true
    },
    "@types/ms": {
      "version": "0.7.34",
      "resolved": "https://registry.npmjs.org/@types/ms/-/ms-0.7.34.tgz",
      "integrity": "sha512-nG96G3Wp6acyAgJqGasjODb+acrI7KltPiRxzHPXnP3NgI28bpQDRv53olbqGXbfcgF5aiiHmO3xpwEpS5Ld9g==",
      "dev": true
    },
    "@types/multer": {
      "version": "1.4.11",
      "resolved": "https://registry.npmjs.org/@types/multer/-/multer-1.4.11.tgz",
      "integrity": "sha512-svK240gr6LVWvv3YGyhLlA+6LRRWA4mnGIU7RcNmgjBYFl6665wcXrRfxGp5tEPVHUNm5FMcmq7too9bxCwX/w==",
      "dev": true,
      "requires": {
        "@types/express": "*"
      }
    },
    "@types/node": {
      "version": "20.12.7",
      "resolved": "https://registry.npmjs.org/@types/node/-/node-20.12.7.tgz",
      "integrity": "sha512-wq0cICSkRLVaf3UGLMGItu/PtdY7oaXaI/RVU+xliKVOtRna3PRY57ZDfztpDL0n11vfymMUnXv8QwYCO7L1wg==",
      "dev": true,
      "requires": {
        "undici-types": "~5.26.4"
      }
    },
    "@types/node-fetch": {
      "version": "2.6.11",
      "resolved": "https://registry.npmjs.org/@types/node-fetch/-/node-fetch-2.6.11.tgz",
      "integrity": "sha512-24xFj9R5+rfQJLRyM56qh+wnVSYhyXC2tkoBndtY0U+vubqNsYXGjufB2nn8Q6gt0LrARwL6UBtMCSVCwl4B1g==",
      "dev": true,
      "requires": {
        "@types/node": "*",
        "form-data": "^4.0.0"
      },
      "dependencies": {
        "form-data": {
          "version": "4.0.0",
          "resolved": "https://registry.npmjs.org/form-data/-/form-data-4.0.0.tgz",
          "integrity": "sha512-ETEklSGi5t0QMZuiXoA/Q6vcnxcLQP5vdugSpuAyi6SVGi2clPPp+xgEhuMaHC+zGgn31Kd235W35f7Hykkaww==",
          "dev": true,
          "requires": {
            "asynckit": "^0.4.0",
            "combined-stream": "^1.0.8",
            "mime-types": "^2.1.12"
          }
        }
      }
    },
    "@types/nodemon": {
      "version": "1.19.6",
      "resolved": "https://registry.npmjs.org/@types/nodemon/-/nodemon-1.19.6.tgz",
      "integrity": "sha512-vjKuaQOLUA5EY2zkUmWG1ipXbKt9Wd+H/0SiIuHVeH4cHtt6509iRUGH9ZR0iqgUrtj3BrP9KqoTuV3ZCbQcYA==",
      "dev": true,
      "requires": {
        "@types/node": "*"
      }
    },
    "@types/nopt": {
      "version": "3.0.32",
      "resolved": "https://registry.npmjs.org/@types/nopt/-/nopt-3.0.32.tgz",
      "integrity": "sha512-UP8QR0GaR8AE3l4wDmyCx4lEkX5o/1YVeDBqb1UqmfHefZqFNedQLTsobfzw56CvlXVVbt6kAwJJbN1yDTp16Q==",
      "dev": true
    },
    "@types/npmlog": {
      "version": "7.0.0",
      "resolved": "https://registry.npmjs.org/@types/npmlog/-/npmlog-7.0.0.tgz",
      "integrity": "sha512-hJWbrKFvxKyWwSUXjZMYTINsSOY6IclhvGOZ97M8ac2tmR9hMwmTnYaMdpGhvju9ctWLTPhCS+eLfQNluiEjQQ==",
      "dev": true,
      "requires": {
        "@types/node": "*"
      }
    },
    "@types/on-headers": {
      "version": "1.0.3",
      "resolved": "https://registry.npmjs.org/@types/on-headers/-/on-headers-1.0.3.tgz",
      "integrity": "sha512-jvGNvFo8uOL6fiBGvD4Ul4lT8mZoJ57l3h0ZN/a1oHziTTXUV3slaRcYm2K1wvvLX1fhIg9AvKykxKFt3mM+Xg==",
      "dev": true,
      "requires": {
        "@types/node": "*"
      }
    },
    "@types/parseurl": {
      "version": "1.3.3",
      "resolved": "https://registry.npmjs.org/@types/parseurl/-/parseurl-1.3.3.tgz",
      "integrity": "sha512-eamlh+uXpNIG2yVdl6UdBTR3B6jtmJl/JWTNTQAN1K3VH1s5F6UPOhgLwCnU9FJ7R/PnUsRN9zFSpMcxwa2Ndg==",
      "dev": true,
      "requires": {
        "@types/node": "*"
      }
    },
    "@types/passport": {
      "version": "1.0.16",
      "resolved": "https://registry.npmjs.org/@types/passport/-/passport-1.0.16.tgz",
      "integrity": "sha512-FD0qD5hbPWQzaM0wHUnJ/T0BBCJBxCeemtnCwc/ThhTg3x9jfrAcRUmj5Dopza+MfFS9acTe3wk7rcVnRIp/0A==",
      "dev": true,
      "requires": {
        "@types/express": "*"
      }
    },
    "@types/passport-local": {
      "version": "1.0.38",
      "resolved": "https://registry.npmjs.org/@types/passport-local/-/passport-local-1.0.38.tgz",
      "integrity": "sha512-nsrW4A963lYE7lNTv9cr5WmiUD1ibYJvWrpE13oxApFsRt77b0RdtZvKbCdNIY4v/QZ6TRQWaDDEwV1kCTmcXg==",
      "dev": true,
      "requires": {
        "@types/express": "*",
        "@types/passport": "*",
        "@types/passport-strategy": "*"
      }
    },
    "@types/passport-strategy": {
      "version": "0.2.38",
      "resolved": "https://registry.npmjs.org/@types/passport-strategy/-/passport-strategy-0.2.38.tgz",
      "integrity": "sha512-GC6eMqqojOooq993Tmnmp7AUTbbQSgilyvpCYQjT+H6JfG/g6RGc7nXEniZlp0zyKJ0WUdOiZWLBZft9Yug1uA==",
      "dev": true,
      "requires": {
        "@types/express": "*",
        "@types/passport": "*"
      }
    },
    "@types/pause": {
      "version": "0.1.3",
      "resolved": "https://registry.npmjs.org/@types/pause/-/pause-0.1.3.tgz",
      "integrity": "sha512-N/c2MrgSO8n/uj4v6m9UmcpK1e/lSofUGy2GLuLJ3D18nCYx9FFKunJdOmvaXfCQkiwHTDMaYKUrhrt0KW4rvQ==",
      "dev": true,
      "requires": {
        "@types/node": "*"
      }
    },
    "@types/qs": {
      "version": "6.9.15",
      "resolved": "https://registry.npmjs.org/@types/qs/-/qs-6.9.15.tgz",
      "integrity": "sha512-uXHQKES6DQKKCLh441Xv/dwxOq1TVS3JPUMlEqoEglvlhR6Mxnlew/Xq/LRVHpLyk7iK3zODe1qYHIMltO7XGg==",
      "dev": true
    },
    "@types/random-bytes": {
      "version": "1.0.3",
      "resolved": "https://registry.npmjs.org/@types/random-bytes/-/random-bytes-1.0.3.tgz",
      "integrity": "sha512-6nve5bn855hDQ9hfno5oM9I0HH0nR88abvm2XbQyTbvh1j3YVi7+BoMB4aXln84yTR3tksHe937DtAfYSm6aFg==",
      "dev": true,
      "requires": {
        "@types/node": "*"
      }
    },
    "@types/range-parser": {
      "version": "1.2.7",
      "resolved": "https://registry.npmjs.org/@types/range-parser/-/range-parser-1.2.7.tgz",
      "integrity": "sha512-hKormJbkJqzQGhziax5PItDUTMAM9uE2XXQmM37dyd4hVM+5aVl7oVxMVUiVQn2oCQFN/LKCZdvSM0pFRqbSmQ==",
      "dev": true
    },
    "@types/redis-errors": {
      "version": "1.2.3",
      "resolved": "https://registry.npmjs.org/@types/redis-errors/-/redis-errors-1.2.3.tgz",
      "integrity": "sha512-ybB72cxcXNRExWZzQsQNmhmkRc4YG++1/Jcgbx46JitiLf0fNEHGN3VQ4kfjPtgFTxGXzBlH3EIclTEjLTswGw==",
      "dev": true
    },
    "@types/redis-parser": {
      "version": "3.0.3",
      "resolved": "https://registry.npmjs.org/@types/redis-parser/-/redis-parser-3.0.3.tgz",
      "integrity": "sha512-s535FnYymHzvhvYgWmyJLzfWFK0gwISeMlPchRykyP+NGRnw+4YKlmGDAzG2dcBZSvUlBa+QuKqt+jk4Y+q3KA==",
      "dev": true,
      "requires": {
        "@types/node": "*",
        "@types/redis-errors": "*"
      }
    },
    "@types/request": {
      "version": "2.48.12",
      "resolved": "https://registry.npmjs.org/@types/request/-/request-2.48.12.tgz",
      "integrity": "sha512-G3sY+NpsA9jnwm0ixhAFQSJ3Q9JkpLZpJbI3GMv0mIAT0y3mRabYeINzal5WOChIiaTEGQYlHOKgkaM9EisWHw==",
      "dev": true,
      "requires": {
        "@types/caseless": "*",
        "@types/node": "*",
        "@types/tough-cookie": "*",
        "form-data": "^2.5.0"
      }
    },
    "@types/send": {
      "version": "0.17.4",
      "resolved": "https://registry.npmjs.org/@types/send/-/send-0.17.4.tgz",
      "integrity": "sha512-x2EM6TJOybec7c52BX0ZspPodMsQUd5L6PRwOunVyVUhXiBSKf3AezDL8Dgvgt5o0UfKNfuA0eMLr2wLT4AiBA==",
      "dev": true,
      "requires": {
        "@types/mime": "^1",
        "@types/node": "*"
      }
    },
    "@types/serve-static": {
      "version": "1.15.7",
      "resolved": "https://registry.npmjs.org/@types/serve-static/-/serve-static-1.15.7.tgz",
      "integrity": "sha512-W8Ym+h8nhuRwaKPaDw34QUkwsGi6Rc4yYqvKFo5rm2FUEhCFbzVWrxXUxuKK8TASjWsysJY0nsmNCGhCOIsrOw==",
      "dev": true,
      "requires": {
        "@types/http-errors": "*",
        "@types/node": "*",
        "@types/send": "*"
      }
    },
    "@types/totp-generator": {
      "version": "0.0.8",
      "resolved": "https://registry.npmjs.org/@types/totp-generator/-/totp-generator-0.0.8.tgz",
      "integrity": "sha512-NAiruWgCYxW1sd2LjpTT/sVarogTjjQoUyLiiL/e2DZOz9eovKxzEx5BiH8YgZoKUDZql1VXiIzgDBK7VzOmNw==",
      "dev": true
    },
    "@types/tough-cookie": {
      "version": "4.0.5",
      "resolved": "https://registry.npmjs.org/@types/tough-cookie/-/tough-cookie-4.0.5.tgz",
      "integrity": "sha512-/Ad8+nIOV7Rl++6f1BdKxFSMgmoqEoYbHRpPcx3JEfv8VRsQe9Z4mCXeJBzxs7mbHY/XOZZuXlRNfhpVPbs6ZA==",
      "dev": true
    },
    "@types/type-is": {
      "version": "1.6.6",
      "resolved": "https://registry.npmjs.org/@types/type-is/-/type-is-1.6.6.tgz",
      "integrity": "sha512-fs1KHv/f9OvmTMsu4sBNaUu32oyda9Y9uK25naJG8gayxNrfqGIjPQsbLIYyfe7xFkppnPlJB+BuTldOaX9bXw==",
      "dev": true,
      "requires": {
        "@types/node": "*"
      }
    },
    "@types/uid-safe": {
      "version": "2.1.5",
      "resolved": "https://registry.npmjs.org/@types/uid-safe/-/uid-safe-2.1.5.tgz",
      "integrity": "sha512-RwEfbxqXKEay2b5p8QQVllfnMbVPUZChiKKZ2M6+OSRRmvr4HTCCUZTWhr/QlmrMnNE0ViNBBbP1+5plF9OGRw==",
      "dev": true
    },
    "@types/universalify": {
      "version": "1.0.3",
      "resolved": "https://registry.npmjs.org/@types/universalify/-/universalify-1.0.3.tgz",
      "integrity": "sha512-PAxPjC1mZV3QDA7Z3ysqT5PZ29h91oJVzrydMkYFRYo2Q9MhyQwn92V7BzOYIrkZ6+wknMeL30aUg7x8AmLiNQ==",
      "dev": true
    },
    "@types/vary": {
      "version": "1.1.3",
      "resolved": "https://registry.npmjs.org/@types/vary/-/vary-1.1.3.tgz",
      "integrity": "sha512-XJT8/ZQCL7NUut9QDLf6l24JfAEl7bnNdgxfj50cHIpEPRJLHHDDFOAq6i+GsEmeFfH7NamhBE4c4Thtb2egWg==",
      "dev": true,
      "requires": {
        "@types/node": "*"
      }
    },
    "@types/xtend": {
      "version": "4.0.6",
      "resolved": "https://registry.npmjs.org/@types/xtend/-/xtend-4.0.6.tgz",
      "integrity": "sha512-lOPBpPQ9AFXDY78rLRyLDZg/PgSCN/m1jCdjRC06RzUTRkaxMkirPx6RUQH2tV5im8gmJ8/7/i1BVLLy0vaBVg==",
      "dev": true
    },
    "asynckit": {
      "version": "0.4.0",
      "resolved": "https://registry.npmjs.org/asynckit/-/asynckit-0.4.0.tgz",
      "integrity": "sha512-Oei9OH4tRh0YqU3GxhX79dM/mwVgvbZJaSNaRk+bshkj0S5cfHcgYakreBjrHwatXKbz+IoIdYLxrKim2MjW0Q==",
      "dev": true
    },
    "combined-stream": {
      "version": "1.0.8",
      "resolved": "https://registry.npmjs.org/combined-stream/-/combined-stream-1.0.8.tgz",
      "integrity": "sha512-FQN4MRfuJeHf7cBbBMJFXhKSDq+2kAArBlmRBvcvFE5BB1HZKXtSFASDhdlz9zOYwxh8lDdnvmMOe/+5cdoEdg==",
      "dev": true,
      "requires": {
        "delayed-stream": "~1.0.0"
      }
    },
    "delayed-stream": {
      "version": "1.0.0",
      "resolved": "https://registry.npmjs.org/delayed-stream/-/delayed-stream-1.0.0.tgz",
      "integrity": "sha512-ZySD7Nf91aLB0RxL4KGrKHBXl7Eds1DAmEdcoVawXnLD7SDhpNgtuII2aAkg7a7QS41jxPSZ17p4VdGnMHk3MQ==",
      "dev": true
    },
    "form-data": {
      "version": "2.5.1",
      "resolved": "https://registry.npmjs.org/form-data/-/form-data-2.5.1.tgz",
      "integrity": "sha512-m21N3WOmEEURgk6B9GLOE4RuWOFf28Lhh9qGYeNlGq4VDXUlJy2th2slBNU8Gp8EzloYZOibZJ7t5ecIrFSjVA==",
      "dev": true,
      "requires": {
        "asynckit": "^0.4.0",
        "combined-stream": "^1.0.6",
        "mime-types": "^2.1.12"
      }
    },
    "mime-db": {
      "version": "1.52.0",
      "resolved": "https://registry.npmjs.org/mime-db/-/mime-db-1.52.0.tgz",
      "integrity": "sha512-sPU4uV7dYlvtWJxwwxHD0PuihVNiE7TyAbQ5SWxDCB9mUYvOgroQOwYQQOKPJ8CIbE+1ETVlOoK1UC2nU3gYvg==",
      "dev": true
    },
    "mime-types": {
      "version": "2.1.35",
      "resolved": "https://registry.npmjs.org/mime-types/-/mime-types-2.1.35.tgz",
      "integrity": "sha512-ZDY+bPm5zTTF+YpCrAU9nK0UgICYPT0QtT1NZWFv4s++TNkcgVaT0g6+4R2uI4MjQjzysHB1zxuWL50hzaeXiw==",
      "dev": true,
      "requires": {
        "mime-db": "1.52.0"
      }
    },
    "types-registry": {
      "version": "0.1.684",
      "resolved": "https://registry.npmjs.org/types-registry/-/types-registry-0.1.684.tgz",
      "integrity": "sha512-B6v+g9M+7IJSc1w2THOmTuRKvd/ACxZTGXM18E8MzpHWx1mGUvGGT+RXsSnxNpyqtbjWLeXj8uyyu/MxVOS3xw=="
    },
    "undici-types": {
      "version": "5.26.5",
      "resolved": "https://registry.npmjs.org/undici-types/-/undici-types-5.26.5.tgz",
      "integrity": "sha512-JlCMO+ehdEIKqlFxk6IfVoAUVmgz7cU7zD/h9XZ0qzeosSHmUJVOzSQvvYSYWXkFXC+IfLKSIffhv0sVZup6pA==",
      "dev": true
    }
  }
}
